{
  "version": 4,
  "terraform_version": "1.7.3",
  "serial": 21,
  "lineage": "3236257d-7d25-c5e8-216c-60f971898646",
  "outputs": {},
  "resources": [
    {
      "module": "module.cp",
      "mode": "managed",
      "type": "libvirt_cloudinit_disk",
      "name": "vm_init",
      "provider": "provider[\"registry.terraform.io/dmacvicar/libvirt\"]",
      "instances": [
        {
          "index_key": 0,
          "schema_version": 0,
          "attributes": {
            "id": "/var/lib/libvirt/images/k3s-king0_cloudinit.iso;afcfd2e5-e7f8-4fc4-9e99-8831f5d96d6b",
            "meta_data": "",
            "name": "k3s-king0_cloudinit.iso",
            "network_config": "",
            "pool": "default",
            "user_data": "#cloud-config\nfqdn: k3s-king0.k3s.test\nmanage_etc_hosts: true\nusers:\n  - name: dustin\n    sudo: ALL=(ALL) NOPASSWD:ALL\n    groups: users, admin\n    home: /home/dustin\n    shell: /bin/bash\n    passwd: '$6$eSiMWLr1mDaOtUGX$9N3ExuWLeo3lqA4P7DFxrTB2fQIS/1rIAzXDmLn/IOPlXdJ.yiEUIP2xuGrodxeATCM5QOsC8PMjM2hI73uE91'\n    lock_passwd: false\n    ssh-authorized-keys:\n      - \"ssh-ed25519 AAAAC3NzaC1lZDI1NTE5AAAAICF9sPiX7zVCn+SW7bQpgS+dhUlVJYNktP6PO4mJWUJZ dustin@bashfulrobot.com\"\n  - name: root\n    home: /root\n    shell: /bin/bash\n    passwd: '$6$eSiMWLr1mDaOtUGX$9N3ExuWLeo3lqA4P7DFxrTB2fQIS/1rIAzXDmLn/IOPlXdJ.yiEUIP2xuGrodxeATCM5QOsC8PMjM2hI73uE91'\n    lock_passwd: false\n    ssh-authorized-keys:\n      - \"ssh-ed25519 AAAAC3NzaC1lZDI1NTE5AAAAICF9sPiX7zVCn+SW7bQpgS+dhUlVJYNktP6PO4mJWUJZ dustin@bashfulrobot.com\"\nssh_pwauth: True\nruncmd:\n  - [ bash, -c, 'echo \"Cloud-init start: $(TZ=\":America/Vancouver\" date \"+%Y-%m-%d %H:%M:%S.%N %Z\")\" \u003e\u003e /root/cloud-init-run.log' ]\n  - [ bash, -c, 'start_time=$(TZ=\":America/Vancouver\" date \"+%Y-%m-%d %H:%M:%S.%N %Z\"); echo \"Running Wget - install-k3s-cp.sh: $start_time\" \u003e\u003e /root/cloud-init-run.log' ]\n  - [ bash, -c, 'wget -P /tmp https://raw.githubusercontent.com/bashfulrobot/libvirt-module-helpers/main/install-k3s-cp.sh \u003e\u003e /root/cloud-init-run.log 2\u003e\u00261' ]\n  - [ bash, -c, 'start_time=$(TZ=\":America/Vancouver\" date \"+%Y-%m-%d %H:%M:%S.%N %Z\"); echo \"Running Wget - serve: $start_time\" \u003e\u003e /root/cloud-init-run.log' ]\n  - [ bash, -c, 'wget -P /tmp https://raw.githubusercontent.com/bashfulrobot/libvirt-module-helpers/main/serve \u003e\u003e /root/cloud-init-run.log 2\u003e\u00261' ]\n  - [ bash, -c, 'chmod +x /tmp/serve /tmp/install-k3s-cp.sh \u003e\u003e /root/cloud-init-run.log 2\u003e\u00261' ]\n  - [ bash, -c, '/tmp/install-k3s-cp.sh \u003e\u003e /root/cloud-init-run.log 2\u003e\u00261' ]\n  - [ bash, -c, 'echo \"Cloud-init end: $(TZ=\":America/Vancouver\" date \"+%Y-%m-%d %H:%M:%S.%N %Z\")\" \u003e\u003e /root/cloud-init-run.log' ]\n"
          },
          "sensitive_attributes": [],
          "private": "bnVsbA==",
          "dependencies": [
            "module.network.libvirt_network.cluster_net"
          ]
        }
      ]
    },
    {
      "module": "module.cp",
      "mode": "managed",
      "type": "libvirt_domain",
      "name": "vm",
      "provider": "provider[\"registry.terraform.io/dmacvicar/libvirt\"]",
      "instances": [
        {
          "index_key": 0,
          "schema_version": 0,
          "attributes": {
            "arch": "x86_64",
            "autostart": true,
            "boot_device": [],
            "cloudinit": "/var/lib/libvirt/images/k3s-king0_cloudinit.iso;afcfd2e5-e7f8-4fc4-9e99-8831f5d96d6b",
            "cmdline": null,
            "console": [
              {
                "source_host": "127.0.0.1",
                "source_path": "",
                "source_service": "0",
                "target_port": "0",
                "target_type": "serial",
                "type": "pty"
              },
              {
                "source_host": "127.0.0.1",
                "source_path": "",
                "source_service": "0",
                "target_port": "1",
                "target_type": "virtio",
                "type": "pty"
              }
            ],
            "coreos_ignition": null,
            "cpu": [
              {
                "mode": "host-passthrough"
              }
            ],
            "description": "",
            "disk": [
              {
                "block_device": "",
                "file": "",
                "scsi": false,
                "url": "",
                "volume_id": "/var/lib/libvirt/images/k3s-king0",
                "wwn": ""
              }
            ],
            "emulator": "/run/libvirt/nix-emulators/qemu-system-x86_64",
            "filesystem": [],
            "firmware": null,
            "fw_cfg_name": "opt/com.coreos/config",
            "graphics": [],
            "id": "0f72790a-ed85-4a12-8453-25a970eea0dc",
            "initrd": "",
            "kernel": "",
            "machine": "pc",
            "memory": 8192,
            "metadata": null,
            "name": "k3s-king0",
            "network_interface": [
              {
                "addresses": [],
                "bridge": "",
                "hostname": "k3s-king0",
                "mac": "52:54:00:32:35:AD",
                "macvtap": "",
                "network_id": "cca7f1b4-1337-45ba-bd61-bd1c553cc996",
                "network_name": "k3s",
                "passthrough": "",
                "vepa": "",
                "wait_for_lease": false
              }
            ],
            "nvram": [],
            "qemu_agent": false,
            "running": true,
            "timeouts": null,
            "tpm": [],
            "type": "kvm",
            "vcpu": 4,
            "video": [
              {
                "type": "qxl"
              }
            ],
            "xml": []
          },
          "sensitive_attributes": [],
          "private": "eyJlMmJmYjczMC1lY2FhLTExZTYtOGY4OC0zNDM2M2JjN2M0YzAiOnsiY3JlYXRlIjozMDAwMDAwMDAwMDB9fQ==",
          "dependencies": [
            "module.cp.libvirt_cloudinit_disk.vm_init",
            "module.cp.libvirt_volume.base-os-volume",
            "module.cp.libvirt_volume.vm",
            "module.network.libvirt_network.cluster_net"
          ]
        }
      ]
    },
    {
      "module": "module.cp",
      "mode": "managed",
      "type": "libvirt_volume",
      "name": "base-os-volume",
      "provider": "provider[\"registry.terraform.io/dmacvicar/libvirt\"]",
      "instances": [
        {
          "schema_version": 0,
          "attributes": {
            "base_volume_id": null,
            "base_volume_name": null,
            "base_volume_pool": null,
            "format": "qcow2",
            "id": "/var/lib/libvirt/images/k3s-os",
            "name": "k3s-os",
            "pool": "default",
            "size": 2361393152,
            "source": "file:///var/lib/libvirt/images/jammy-server-cloudimg-amd64-disk-kvm.img",
            "xml": []
          },
          "sensitive_attributes": [],
          "private": "bnVsbA=="
        }
      ]
    },
    {
      "module": "module.cp",
      "mode": "managed",
      "type": "libvirt_volume",
      "name": "vm",
      "provider": "provider[\"registry.terraform.io/dmacvicar/libvirt\"]",
      "instances": [
        {
          "index_key": 0,
          "schema_version": 0,
          "attributes": {
            "base_volume_id": "/var/lib/libvirt/images/k3s-os",
            "base_volume_name": null,
            "base_volume_pool": null,
            "format": "qcow2",
            "id": "/var/lib/libvirt/images/k3s-king0",
            "name": "k3s-king0",
            "pool": "default",
            "size": 107374182400,
            "source": null,
            "xml": []
          },
          "sensitive_attributes": [],
          "private": "bnVsbA==",
          "dependencies": [
            "module.cp.libvirt_volume.base-os-volume"
          ]
        }
      ]
    },
    {
      "module": "module.network",
      "mode": "managed",
      "type": "libvirt_network",
      "name": "cluster_net",
      "provider": "provider[\"registry.terraform.io/dmacvicar/libvirt\"]",
      "instances": [
        {
          "schema_version": 0,
          "attributes": {
            "addresses": [
              "10.1.0.0/24"
            ],
            "autostart": true,
            "bridge": "virbr2",
            "dhcp": [
              {
                "enabled": false
              }
            ],
            "dns": [
              {
                "enabled": true,
                "forwarders": [],
                "hosts": [],
                "local_only": false,
                "srvs": []
              }
            ],
            "dnsmasq_options": [],
            "domain": "k3s.test",
            "id": "cca7f1b4-1337-45ba-bd61-bd1c553cc996",
            "mode": "nat",
            "mtu": null,
            "name": "k3s",
            "routes": [],
            "xml": []
          },
          "sensitive_attributes": [],
          "private": "bnVsbA=="
        }
      ]
    },
    {
      "module": "module.worker",
      "mode": "managed",
      "type": "libvirt_cloudinit_disk",
      "name": "vm_init",
      "provider": "provider[\"registry.terraform.io/dmacvicar/libvirt\"]",
      "instances": [
        {
          "index_key": 0,
          "schema_version": 0,
          "attributes": {
            "id": "/var/lib/libvirt/images/k3s-horse0_cloudinit.iso;045bfa0d-565c-4a13-93d6-5377de3a8e0f",
            "meta_data": "",
            "name": "k3s-horse0_cloudinit.iso",
            "network_config": "",
            "pool": "default",
            "user_data": "#cloud-config\nfqdn: k3s-horse0.k3s.test\nmanage_etc_hosts: true\nusers:\n  - name: dustin\n    sudo: ALL=(ALL) NOPASSWD:ALL\n    groups: users, admin\n    home: /home/dustin\n    shell: /bin/bash\n    passwd: '$6$eSiMWLr1mDaOtUGX$9N3ExuWLeo3lqA4P7DFxrTB2fQIS/1rIAzXDmLn/IOPlXdJ.yiEUIP2xuGrodxeATCM5QOsC8PMjM2hI73uE91'\n    lock_passwd: false\n    ssh-authorized-keys:\n      - \"ssh-ed25519 AAAAC3NzaC1lZDI1NTE5AAAAICF9sPiX7zVCn+SW7bQpgS+dhUlVJYNktP6PO4mJWUJZ dustin@bashfulrobot.com\"\n  - name: root\n    home: /root\n    shell: /bin/bash\n    passwd: '$6$eSiMWLr1mDaOtUGX$9N3ExuWLeo3lqA4P7DFxrTB2fQIS/1rIAzXDmLn/IOPlXdJ.yiEUIP2xuGrodxeATCM5QOsC8PMjM2hI73uE91'\n    lock_passwd: false\n    ssh-authorized-keys:\n      - \"ssh-ed25519 AAAAC3NzaC1lZDI1NTE5AAAAICF9sPiX7zVCn+SW7bQpgS+dhUlVJYNktP6PO4mJWUJZ dustin@bashfulrobot.com\"\nssh_pwauth: True\nruncmd:\n  - [ bash, -c, 'echo \"Cloud-init start: $(TZ=\":America/Vancouver\" date \"+%Y-%m-%d %H:%M:%S.%N %Z\")\" \u003e\u003e /root/cloud-init-run.log' ]\n  - [ bash, -c, 'echo \"Running: parted /dev/vdb --script -- mklabel gpt mkpart primary ext4 0% 100%\" \u003e\u003e /root/cloud-init-run.log; parted /dev/vdb --script -- mklabel gpt mkpart primary ext4 0% 100% \u003e\u003e /root/cloud-init-run.log 2\u003e\u00261' ]\n  - [ bash, -c, 'echo \"Running: lsblk -f /dev/vdb1 --output FSTYPE\" \u003e\u003e /root/cloud-init-run.log; lsblk -f /dev/vdb1 --output FSTYPE | grep -q \"^$\" \u0026\u0026 echo \"Running: mkfs.ext4 /dev/vdb1\" \u003e\u003e /root/cloud-init-run.log; mkfs.ext4 /dev/vdb1 \u003e\u003e /root/cloud-init-run.log 2\u003e\u00261' ]\n  - [ bash, -c, 'echo \"Running: e2label /dev/vdb1 data\" \u003e\u003e /root/cloud-init-run.log; e2label /dev/vdb1 data \u003e\u003e /root/cloud-init-run.log 2\u003e\u00261' ]\n  - [ bash, -c, 'echo \"Running: mkdir -p /data\" \u003e\u003e /root/cloud-init-run.log; mkdir -p /data \u003e\u003e /root/cloud-init-run.log 2\u003e\u00261' ]\n  - [ bash, -c, 'echo \"Running: mount LABEL=data /data\" \u003e\u003e /root/cloud-init-run.log; mount LABEL=data /data \u003e\u003e /root/cloud-init-run.log 2\u003e\u00261' ]\n  - [ bash, -c, 'echo \"Running: echo \\\"LABEL=data /data ext4 defaults 0 0\\\" \u003e\u003e /etc/fstab\" \u003e\u003e /root/cloud-init-run.log; echo \"LABEL=data /data ext4 defaults 0 0\" \u003e\u003e /etc/fstab' ]\n  - [ bash, -c, 'start_time=$(TZ=\":America/Vancouver\" date \"+%Y-%m-%d %H:%M:%S.%N %Z\"); echo \"Running Wget - install-k3s-worker.sh: $start_time\" \u003e\u003e /root/cloud-init-run.log' ]\n  - [ bash, -c, 'wget -P /tmp https://raw.githubusercontent.com/bashfulrobot/libvirt-module-helpers/main/install-k3s-worker.sh \u003e\u003e /root/cloud-init-run.log 2\u003e\u00261' ]\n  - [ bash, -c, 'chmod +x /tmp/install-k3s-worker.sh \u003e\u003e /root/cloud-init-run.log 2\u003e\u00261' ]\n  - [ bash, -c, '/tmp/install-k3s-worker.sh \u003e\u003e /root/cloud-init-run.log 2\u003e\u00261' ]\n  - [ bash, -c, 'echo \"Cloud-init end: $(TZ=\":America/Vancouver\" date \"+%Y-%m-%d %H:%M:%S.%N %Z\")\" \u003e\u003e /root/cloud-init-run.log' ]\n"
          },
          "sensitive_attributes": [],
          "private": "bnVsbA==",
          "dependencies": [
            "module.network.libvirt_network.cluster_net"
          ]
        },
        {
          "index_key": 1,
          "schema_version": 0,
          "attributes": {
            "id": "/var/lib/libvirt/images/k3s-horse1_cloudinit.iso;c6c4bb0d-ff99-4063-ae8c-81d8c6b85dda",
            "meta_data": "",
            "name": "k3s-horse1_cloudinit.iso",
            "network_config": "",
            "pool": "default",
            "user_data": "#cloud-config\nfqdn: k3s-horse1.k3s.test\nmanage_etc_hosts: true\nusers:\n  - name: dustin\n    sudo: ALL=(ALL) NOPASSWD:ALL\n    groups: users, admin\n    home: /home/dustin\n    shell: /bin/bash\n    passwd: '$6$eSiMWLr1mDaOtUGX$9N3ExuWLeo3lqA4P7DFxrTB2fQIS/1rIAzXDmLn/IOPlXdJ.yiEUIP2xuGrodxeATCM5QOsC8PMjM2hI73uE91'\n    lock_passwd: false\n    ssh-authorized-keys:\n      - \"ssh-ed25519 AAAAC3NzaC1lZDI1NTE5AAAAICF9sPiX7zVCn+SW7bQpgS+dhUlVJYNktP6PO4mJWUJZ dustin@bashfulrobot.com\"\n  - name: root\n    home: /root\n    shell: /bin/bash\n    passwd: '$6$eSiMWLr1mDaOtUGX$9N3ExuWLeo3lqA4P7DFxrTB2fQIS/1rIAzXDmLn/IOPlXdJ.yiEUIP2xuGrodxeATCM5QOsC8PMjM2hI73uE91'\n    lock_passwd: false\n    ssh-authorized-keys:\n      - \"ssh-ed25519 AAAAC3NzaC1lZDI1NTE5AAAAICF9sPiX7zVCn+SW7bQpgS+dhUlVJYNktP6PO4mJWUJZ dustin@bashfulrobot.com\"\nssh_pwauth: True\nruncmd:\n  - [ bash, -c, 'echo \"Cloud-init start: $(TZ=\":America/Vancouver\" date \"+%Y-%m-%d %H:%M:%S.%N %Z\")\" \u003e\u003e /root/cloud-init-run.log' ]\n  - [ bash, -c, 'echo \"Running: parted /dev/vdb --script -- mklabel gpt mkpart primary ext4 0% 100%\" \u003e\u003e /root/cloud-init-run.log; parted /dev/vdb --script -- mklabel gpt mkpart primary ext4 0% 100% \u003e\u003e /root/cloud-init-run.log 2\u003e\u00261' ]\n  - [ bash, -c, 'echo \"Running: lsblk -f /dev/vdb1 --output FSTYPE\" \u003e\u003e /root/cloud-init-run.log; lsblk -f /dev/vdb1 --output FSTYPE | grep -q \"^$\" \u0026\u0026 echo \"Running: mkfs.ext4 /dev/vdb1\" \u003e\u003e /root/cloud-init-run.log; mkfs.ext4 /dev/vdb1 \u003e\u003e /root/cloud-init-run.log 2\u003e\u00261' ]\n  - [ bash, -c, 'echo \"Running: e2label /dev/vdb1 data\" \u003e\u003e /root/cloud-init-run.log; e2label /dev/vdb1 data \u003e\u003e /root/cloud-init-run.log 2\u003e\u00261' ]\n  - [ bash, -c, 'echo \"Running: mkdir -p /data\" \u003e\u003e /root/cloud-init-run.log; mkdir -p /data \u003e\u003e /root/cloud-init-run.log 2\u003e\u00261' ]\n  - [ bash, -c, 'echo \"Running: mount LABEL=data /data\" \u003e\u003e /root/cloud-init-run.log; mount LABEL=data /data \u003e\u003e /root/cloud-init-run.log 2\u003e\u00261' ]\n  - [ bash, -c, 'echo \"Running: echo \\\"LABEL=data /data ext4 defaults 0 0\\\" \u003e\u003e /etc/fstab\" \u003e\u003e /root/cloud-init-run.log; echo \"LABEL=data /data ext4 defaults 0 0\" \u003e\u003e /etc/fstab' ]\n  - [ bash, -c, 'start_time=$(TZ=\":America/Vancouver\" date \"+%Y-%m-%d %H:%M:%S.%N %Z\"); echo \"Running Wget - install-k3s-worker.sh: $start_time\" \u003e\u003e /root/cloud-init-run.log' ]\n  - [ bash, -c, 'wget -P /tmp https://raw.githubusercontent.com/bashfulrobot/libvirt-module-helpers/main/install-k3s-worker.sh \u003e\u003e /root/cloud-init-run.log 2\u003e\u00261' ]\n  - [ bash, -c, 'chmod +x /tmp/install-k3s-worker.sh \u003e\u003e /root/cloud-init-run.log 2\u003e\u00261' ]\n  - [ bash, -c, '/tmp/install-k3s-worker.sh \u003e\u003e /root/cloud-init-run.log 2\u003e\u00261' ]\n  - [ bash, -c, 'echo \"Cloud-init end: $(TZ=\":America/Vancouver\" date \"+%Y-%m-%d %H:%M:%S.%N %Z\")\" \u003e\u003e /root/cloud-init-run.log' ]\n"
          },
          "sensitive_attributes": [],
          "private": "bnVsbA==",
          "dependencies": [
            "module.network.libvirt_network.cluster_net"
          ]
        },
        {
          "index_key": 2,
          "schema_version": 0,
          "attributes": {
            "id": "/var/lib/libvirt/images/k3s-horse2_cloudinit.iso;3a4c9f55-4ab9-4bca-b96b-ed102e79481d",
            "meta_data": "",
            "name": "k3s-horse2_cloudinit.iso",
            "network_config": "",
            "pool": "default",
            "user_data": "#cloud-config\nfqdn: k3s-horse2.k3s.test\nmanage_etc_hosts: true\nusers:\n  - name: dustin\n    sudo: ALL=(ALL) NOPASSWD:ALL\n    groups: users, admin\n    home: /home/dustin\n    shell: /bin/bash\n    passwd: '$6$eSiMWLr1mDaOtUGX$9N3ExuWLeo3lqA4P7DFxrTB2fQIS/1rIAzXDmLn/IOPlXdJ.yiEUIP2xuGrodxeATCM5QOsC8PMjM2hI73uE91'\n    lock_passwd: false\n    ssh-authorized-keys:\n      - \"ssh-ed25519 AAAAC3NzaC1lZDI1NTE5AAAAICF9sPiX7zVCn+SW7bQpgS+dhUlVJYNktP6PO4mJWUJZ dustin@bashfulrobot.com\"\n  - name: root\n    home: /root\n    shell: /bin/bash\n    passwd: '$6$eSiMWLr1mDaOtUGX$9N3ExuWLeo3lqA4P7DFxrTB2fQIS/1rIAzXDmLn/IOPlXdJ.yiEUIP2xuGrodxeATCM5QOsC8PMjM2hI73uE91'\n    lock_passwd: false\n    ssh-authorized-keys:\n      - \"ssh-ed25519 AAAAC3NzaC1lZDI1NTE5AAAAICF9sPiX7zVCn+SW7bQpgS+dhUlVJYNktP6PO4mJWUJZ dustin@bashfulrobot.com\"\nssh_pwauth: True\nruncmd:\n  - [ bash, -c, 'echo \"Cloud-init start: $(TZ=\":America/Vancouver\" date \"+%Y-%m-%d %H:%M:%S.%N %Z\")\" \u003e\u003e /root/cloud-init-run.log' ]\n  - [ bash, -c, 'echo \"Running: parted /dev/vdb --script -- mklabel gpt mkpart primary ext4 0% 100%\" \u003e\u003e /root/cloud-init-run.log; parted /dev/vdb --script -- mklabel gpt mkpart primary ext4 0% 100% \u003e\u003e /root/cloud-init-run.log 2\u003e\u00261' ]\n  - [ bash, -c, 'echo \"Running: lsblk -f /dev/vdb1 --output FSTYPE\" \u003e\u003e /root/cloud-init-run.log; lsblk -f /dev/vdb1 --output FSTYPE | grep -q \"^$\" \u0026\u0026 echo \"Running: mkfs.ext4 /dev/vdb1\" \u003e\u003e /root/cloud-init-run.log; mkfs.ext4 /dev/vdb1 \u003e\u003e /root/cloud-init-run.log 2\u003e\u00261' ]\n  - [ bash, -c, 'echo \"Running: e2label /dev/vdb1 data\" \u003e\u003e /root/cloud-init-run.log; e2label /dev/vdb1 data \u003e\u003e /root/cloud-init-run.log 2\u003e\u00261' ]\n  - [ bash, -c, 'echo \"Running: mkdir -p /data\" \u003e\u003e /root/cloud-init-run.log; mkdir -p /data \u003e\u003e /root/cloud-init-run.log 2\u003e\u00261' ]\n  - [ bash, -c, 'echo \"Running: mount LABEL=data /data\" \u003e\u003e /root/cloud-init-run.log; mount LABEL=data /data \u003e\u003e /root/cloud-init-run.log 2\u003e\u00261' ]\n  - [ bash, -c, 'echo \"Running: echo \\\"LABEL=data /data ext4 defaults 0 0\\\" \u003e\u003e /etc/fstab\" \u003e\u003e /root/cloud-init-run.log; echo \"LABEL=data /data ext4 defaults 0 0\" \u003e\u003e /etc/fstab' ]\n  - [ bash, -c, 'start_time=$(TZ=\":America/Vancouver\" date \"+%Y-%m-%d %H:%M:%S.%N %Z\"); echo \"Running Wget - install-k3s-worker.sh: $start_time\" \u003e\u003e /root/cloud-init-run.log' ]\n  - [ bash, -c, 'wget -P /tmp https://raw.githubusercontent.com/bashfulrobot/libvirt-module-helpers/main/install-k3s-worker.sh \u003e\u003e /root/cloud-init-run.log 2\u003e\u00261' ]\n  - [ bash, -c, 'chmod +x /tmp/install-k3s-worker.sh \u003e\u003e /root/cloud-init-run.log 2\u003e\u00261' ]\n  - [ bash, -c, '/tmp/install-k3s-worker.sh \u003e\u003e /root/cloud-init-run.log 2\u003e\u00261' ]\n  - [ bash, -c, 'echo \"Cloud-init end: $(TZ=\":America/Vancouver\" date \"+%Y-%m-%d %H:%M:%S.%N %Z\")\" \u003e\u003e /root/cloud-init-run.log' ]\n"
          },
          "sensitive_attributes": [],
          "private": "bnVsbA==",
          "dependencies": [
            "module.network.libvirt_network.cluster_net"
          ]
        }
      ]
    },
    {
      "module": "module.worker",
      "mode": "managed",
      "type": "libvirt_domain",
      "name": "vm",
      "provider": "provider[\"registry.terraform.io/dmacvicar/libvirt\"]",
      "instances": [
        {
          "index_key": 0,
          "schema_version": 0,
          "attributes": {
            "arch": "x86_64",
            "autostart": true,
            "boot_device": [],
            "cloudinit": "/var/lib/libvirt/images/k3s-horse0_cloudinit.iso;045bfa0d-565c-4a13-93d6-5377de3a8e0f",
            "cmdline": null,
            "console": [
              {
                "source_host": "127.0.0.1",
                "source_path": "",
                "source_service": "0",
                "target_port": "0",
                "target_type": "serial",
                "type": "pty"
              },
              {
                "source_host": "127.0.0.1",
                "source_path": "",
                "source_service": "0",
                "target_port": "1",
                "target_type": "virtio",
                "type": "pty"
              }
            ],
            "coreos_ignition": null,
            "cpu": [
              {
                "mode": "host-passthrough"
              }
            ],
            "description": "",
            "disk": [
              {
                "block_device": "",
                "file": "",
                "scsi": false,
                "url": "",
                "volume_id": "/var/lib/libvirt/images/k3s-horse0",
                "wwn": ""
              },
              {
                "block_device": "",
                "file": "",
                "scsi": false,
                "url": "",
                "volume_id": "/var/lib/libvirt/images/k3s-horse0-data",
                "wwn": ""
              }
            ],
            "emulator": "/run/libvirt/nix-emulators/qemu-system-x86_64",
            "filesystem": [],
            "firmware": null,
            "fw_cfg_name": "opt/com.coreos/config",
            "graphics": [],
            "id": "7d891c4c-e79e-4bc2-9f3a-fcc06c085bfe",
            "initrd": "",
            "kernel": "",
            "machine": "pc",
            "memory": 8192,
            "metadata": null,
            "name": "k3s-horse0",
            "network_interface": [
              {
                "addresses": [],
                "bridge": "",
                "hostname": "k3s-horse0",
                "mac": "52:54:00:7E:37:9B",
                "macvtap": "",
                "network_id": "cca7f1b4-1337-45ba-bd61-bd1c553cc996",
                "network_name": "k3s",
                "passthrough": "",
                "vepa": "",
                "wait_for_lease": false
              }
            ],
            "nvram": [],
            "qemu_agent": false,
            "running": true,
            "timeouts": null,
            "tpm": [],
            "type": "kvm",
            "vcpu": 4,
            "video": [
              {
                "type": "qxl"
              }
            ],
            "xml": []
          },
          "sensitive_attributes": [],
          "private": "eyJlMmJmYjczMC1lY2FhLTExZTYtOGY4OC0zNDM2M2JjN2M0YzAiOnsiY3JlYXRlIjozMDAwMDAwMDAwMDB9fQ==",
          "dependencies": [
            "module.network.libvirt_network.cluster_net",
            "module.worker.libvirt_cloudinit_disk.vm_init",
            "module.worker.libvirt_volume.base-os-volume",
            "module.worker.libvirt_volume.data",
            "module.worker.libvirt_volume.vm"
          ]
        },
        {
          "index_key": 1,
          "schema_version": 0,
          "attributes": {
            "arch": "x86_64",
            "autostart": true,
            "boot_device": [],
            "cloudinit": "/var/lib/libvirt/images/k3s-horse1_cloudinit.iso;c6c4bb0d-ff99-4063-ae8c-81d8c6b85dda",
            "cmdline": null,
            "console": [
              {
                "source_host": "127.0.0.1",
                "source_path": "",
                "source_service": "0",
                "target_port": "0",
                "target_type": "serial",
                "type": "pty"
              },
              {
                "source_host": "127.0.0.1",
                "source_path": "",
                "source_service": "0",
                "target_port": "1",
                "target_type": "virtio",
                "type": "pty"
              }
            ],
            "coreos_ignition": null,
            "cpu": [
              {
                "mode": "host-passthrough"
              }
            ],
            "description": "",
            "disk": [
              {
                "block_device": "",
                "file": "",
                "scsi": false,
                "url": "",
                "volume_id": "/var/lib/libvirt/images/k3s-horse1",
                "wwn": ""
              },
              {
                "block_device": "",
                "file": "",
                "scsi": false,
                "url": "",
                "volume_id": "/var/lib/libvirt/images/k3s-horse1-data",
                "wwn": ""
              }
            ],
            "emulator": "/run/libvirt/nix-emulators/qemu-system-x86_64",
            "filesystem": [],
            "firmware": null,
            "fw_cfg_name": "opt/com.coreos/config",
            "graphics": [],
            "id": "c9cdc088-de7e-4764-b806-d82d2b633cd9",
            "initrd": "",
            "kernel": "",
            "machine": "pc",
            "memory": 8192,
            "metadata": null,
            "name": "k3s-horse1",
            "network_interface": [
              {
                "addresses": [],
                "bridge": "",
                "hostname": "k3s-horse1",
                "mac": "52:54:00:72:AF:15",
                "macvtap": "",
                "network_id": "cca7f1b4-1337-45ba-bd61-bd1c553cc996",
                "network_name": "k3s",
                "passthrough": "",
                "vepa": "",
                "wait_for_lease": false
              }
            ],
            "nvram": [],
            "qemu_agent": false,
            "running": true,
            "timeouts": null,
            "tpm": [],
            "type": "kvm",
            "vcpu": 4,
            "video": [
              {
                "type": "qxl"
              }
            ],
            "xml": []
          },
          "sensitive_attributes": [],
          "private": "eyJlMmJmYjczMC1lY2FhLTExZTYtOGY4OC0zNDM2M2JjN2M0YzAiOnsiY3JlYXRlIjozMDAwMDAwMDAwMDB9fQ==",
          "dependencies": [
            "module.network.libvirt_network.cluster_net",
            "module.worker.libvirt_cloudinit_disk.vm_init",
            "module.worker.libvirt_volume.base-os-volume",
            "module.worker.libvirt_volume.data",
            "module.worker.libvirt_volume.vm"
          ]
        },
        {
          "index_key": 2,
          "schema_version": 0,
          "attributes": {
            "arch": "x86_64",
            "autostart": true,
            "boot_device": [],
            "cloudinit": "/var/lib/libvirt/images/k3s-horse2_cloudinit.iso;3a4c9f55-4ab9-4bca-b96b-ed102e79481d",
            "cmdline": null,
            "console": [
              {
                "source_host": "127.0.0.1",
                "source_path": "",
                "source_service": "0",
                "target_port": "0",
                "target_type": "serial",
                "type": "pty"
              },
              {
                "source_host": "127.0.0.1",
                "source_path": "",
                "source_service": "0",
                "target_port": "1",
                "target_type": "virtio",
                "type": "pty"
              }
            ],
            "coreos_ignition": null,
            "cpu": [
              {
                "mode": "host-passthrough"
              }
            ],
            "description": "",
            "disk": [
              {
                "block_device": "",
                "file": "",
                "scsi": false,
                "url": "",
                "volume_id": "/var/lib/libvirt/images/k3s-horse2",
                "wwn": ""
              },
              {
                "block_device": "",
                "file": "",
                "scsi": false,
                "url": "",
                "volume_id": "/var/lib/libvirt/images/k3s-horse2-data",
                "wwn": ""
              }
            ],
            "emulator": "/run/libvirt/nix-emulators/qemu-system-x86_64",
            "filesystem": [],
            "firmware": null,
            "fw_cfg_name": "opt/com.coreos/config",
            "graphics": [],
            "id": "084e3e21-bd90-44f9-a38c-44b62ea37ba2",
            "initrd": "",
            "kernel": "",
            "machine": "pc",
            "memory": 8192,
            "metadata": null,
            "name": "k3s-horse2",
            "network_interface": [
              {
                "addresses": [],
                "bridge": "",
                "hostname": "k3s-horse2",
                "mac": "52:54:00:0A:BF:CC",
                "macvtap": "",
                "network_id": "cca7f1b4-1337-45ba-bd61-bd1c553cc996",
                "network_name": "k3s",
                "passthrough": "",
                "vepa": "",
                "wait_for_lease": false
              }
            ],
            "nvram": [],
            "qemu_agent": false,
            "running": true,
            "timeouts": null,
            "tpm": [],
            "type": "kvm",
            "vcpu": 4,
            "video": [
              {
                "type": "qxl"
              }
            ],
            "xml": []
          },
          "sensitive_attributes": [],
          "private": "eyJlMmJmYjczMC1lY2FhLTExZTYtOGY4OC0zNDM2M2JjN2M0YzAiOnsiY3JlYXRlIjozMDAwMDAwMDAwMDB9fQ==",
          "dependencies": [
            "module.network.libvirt_network.cluster_net",
            "module.worker.libvirt_cloudinit_disk.vm_init",
            "module.worker.libvirt_volume.base-os-volume",
            "module.worker.libvirt_volume.data",
            "module.worker.libvirt_volume.vm"
          ]
        }
      ]
    },
    {
      "module": "module.worker",
      "mode": "managed",
      "type": "libvirt_volume",
      "name": "base-os-volume",
      "provider": "provider[\"registry.terraform.io/dmacvicar/libvirt\"]",
      "instances": [
        {
          "schema_version": 0,
          "attributes": {
            "base_volume_id": null,
            "base_volume_name": null,
            "base_volume_pool": null,
            "format": "qcow2",
            "id": "/var/lib/libvirt/images/k3s-os",
            "name": "k3s-os",
            "pool": "default",
            "size": 2361393152,
            "source": "file:///var/lib/libvirt/images/jammy-server-cloudimg-amd64-disk-kvm.img",
            "xml": []
          },
          "sensitive_attributes": [],
          "private": "bnVsbA=="
        }
      ]
    },
    {
      "module": "module.worker",
      "mode": "managed",
      "type": "libvirt_volume",
      "name": "data",
      "provider": "provider[\"registry.terraform.io/dmacvicar/libvirt\"]",
      "instances": [
        {
          "index_key": 0,
          "schema_version": 0,
          "attributes": {
            "base_volume_id": null,
            "base_volume_name": null,
            "base_volume_pool": null,
            "format": "qcow2",
            "id": "/var/lib/libvirt/images/k3s-horse0-data",
            "name": "k3s-horse0-data",
            "pool": "default",
            "size": 171798691840,
            "source": null,
            "xml": []
          },
          "sensitive_attributes": [],
          "private": "bnVsbA=="
        },
        {
          "index_key": 1,
          "schema_version": 0,
          "attributes": {
            "base_volume_id": null,
            "base_volume_name": null,
            "base_volume_pool": null,
            "format": "qcow2",
            "id": "/var/lib/libvirt/images/k3s-horse1-data",
            "name": "k3s-horse1-data",
            "pool": "default",
            "size": 171798691840,
            "source": null,
            "xml": []
          },
          "sensitive_attributes": [],
          "private": "bnVsbA=="
        },
        {
          "index_key": 2,
          "schema_version": 0,
          "attributes": {
            "base_volume_id": null,
            "base_volume_name": null,
            "base_volume_pool": null,
            "format": "qcow2",
            "id": "/var/lib/libvirt/images/k3s-horse2-data",
            "name": "k3s-horse2-data",
            "pool": "default",
            "size": 171798691840,
            "source": null,
            "xml": []
          },
          "sensitive_attributes": [],
          "private": "bnVsbA=="
        }
      ]
    },
    {
      "module": "module.worker",
      "mode": "managed",
      "type": "libvirt_volume",
      "name": "vm",
      "provider": "provider[\"registry.terraform.io/dmacvicar/libvirt\"]",
      "instances": [
        {
          "index_key": 0,
          "schema_version": 0,
          "attributes": {
            "base_volume_id": "/var/lib/libvirt/images/k3s-os",
            "base_volume_name": null,
            "base_volume_pool": null,
            "format": "qcow2",
            "id": "/var/lib/libvirt/images/k3s-horse0",
            "name": "k3s-horse0",
            "pool": "default",
            "size": 107374182400,
            "source": null,
            "xml": []
          },
          "sensitive_attributes": [],
          "private": "bnVsbA==",
          "dependencies": [
            "module.worker.libvirt_volume.base-os-volume"
          ]
        },
        {
          "index_key": 1,
          "schema_version": 0,
          "attributes": {
            "base_volume_id": "/var/lib/libvirt/images/k3s-os",
            "base_volume_name": null,
            "base_volume_pool": null,
            "format": "qcow2",
            "id": "/var/lib/libvirt/images/k3s-horse1",
            "name": "k3s-horse1",
            "pool": "default",
            "size": 107374182400,
            "source": null,
            "xml": []
          },
          "sensitive_attributes": [],
          "private": "bnVsbA==",
          "dependencies": [
            "module.worker.libvirt_volume.base-os-volume"
          ]
        },
        {
          "index_key": 2,
          "schema_version": 0,
          "attributes": {
            "base_volume_id": "/var/lib/libvirt/images/k3s-os",
            "base_volume_name": null,
            "base_volume_pool": null,
            "format": "qcow2",
            "id": "/var/lib/libvirt/images/k3s-horse2",
            "name": "k3s-horse2",
            "pool": "default",
            "size": 107374182400,
            "source": null,
            "xml": []
          },
          "sensitive_attributes": [],
          "private": "bnVsbA==",
          "dependencies": [
            "module.worker.libvirt_volume.base-os-volume"
          ]
        }
      ]
    }
  ],
  "check_results": [
    {
      "object_kind": "var",
      "config_addr": "var.datavm_count",
      "status": "pass",
      "objects": [
        {
          "object_addr": "var.datavm_count",
          "status": "pass"
        }
      ]
    },
    {
      "object_kind": "var",
      "config_addr": "module.cp.var.vm_count",
      "status": "pass",
      "objects": [
        {
          "object_addr": "module.cp.var.vm_count",
          "status": "pass"
        }
      ]
    },
    {
      "object_kind": "var",
      "config_addr": "module.cp.var.kvm_subnet_prefix",
      "status": "pass",
      "objects": [
        {
          "object_addr": "module.cp.var.kvm_subnet_prefix",
          "status": "pass"
        }
      ]
    },
    {
      "object_kind": "var",
      "config_addr": "module.worker.var.vm_count",
      "status": "pass",
      "objects": [
        {
          "object_addr": "module.worker.var.vm_count",
          "status": "pass"
        }
      ]
    },
    {
      "object_kind": "var",
      "config_addr": "module.worker.var.kvm_subnet_prefix",
      "status": "pass",
      "objects": [
        {
          "object_addr": "module.worker.var.kvm_subnet_prefix",
          "status": "pass"
        }
      ]
    },
    {
      "object_kind": "var",
      "config_addr": "var.vm_count",
      "status": "pass",
      "objects": [
        {
          "object_addr": "var.vm_count",
          "status": "pass"
        }
      ]
    }
  ]
}
