{
  "version": 4,
  "terraform_version": "1.6.6",
  "serial": 12,
  "lineage": "f65cd42a-bed5-03c5-f383-2ceab159300b",
  "outputs": {},
  "resources": [
    {
      "module": "module.datavm",
      "mode": "managed",
      "type": "libvirt_volume",
      "name": "base-os-volume",
      "provider": "provider[\"registry.terraform.io/dmacvicar/libvirt\"]",
      "instances": [
        {
          "schema_version": 0,
          "attributes": {
            "base_volume_id": null,
            "base_volume_name": null,
            "base_volume_pool": null,
            "format": "qcow2",
            "id": "/var/lib/libvirt/images/darkstar-os",
            "name": "darkstar-os",
            "pool": "default",
            "size": 2361393152,
            "source": "file:///var/lib/libvirt/images/jammy-server-cloudimg-amd64-disk-kvm.img",
            "xml": []
          },
          "sensitive_attributes": [],
          "private": "bnVsbA=="
        }
      ]
    },
    {
      "module": "module.datavm",
      "mode": "managed",
      "type": "libvirt_volume",
      "name": "data",
      "provider": "provider[\"registry.terraform.io/dmacvicar/libvirt\"]",
      "instances": [
        {
          "index_key": 0,
          "schema_version": 0,
          "attributes": {
            "base_volume_id": null,
            "base_volume_name": null,
            "base_volume_pool": null,
            "format": "qcow2",
            "id": "/var/lib/libvirt/images/darkstar-minion0-data",
            "name": "darkstar-minion0-data",
            "pool": "default",
            "size": 171798691840,
            "source": null,
            "xml": []
          },
          "sensitive_attributes": [],
          "private": "bnVsbA=="
        },
        {
          "index_key": 1,
          "schema_version": 0,
          "attributes": {
            "base_volume_id": null,
            "base_volume_name": null,
            "base_volume_pool": null,
            "format": "qcow2",
            "id": "/var/lib/libvirt/images/darkstar-minion1-data",
            "name": "darkstar-minion1-data",
            "pool": "default",
            "size": 171798691840,
            "source": null,
            "xml": []
          },
          "sensitive_attributes": [],
          "private": "bnVsbA=="
        },
        {
          "index_key": 2,
          "schema_version": 0,
          "attributes": {
            "base_volume_id": null,
            "base_volume_name": null,
            "base_volume_pool": null,
            "format": "qcow2",
            "id": "/var/lib/libvirt/images/darkstar-minion2-data",
            "name": "darkstar-minion2-data",
            "pool": "default",
            "size": 171798691840,
            "source": null,
            "xml": []
          },
          "sensitive_attributes": [],
          "private": "bnVsbA=="
        }
      ]
    },
    {
      "module": "module.datavm",
      "mode": "managed",
      "type": "libvirt_volume",
      "name": "vm",
      "provider": "provider[\"registry.terraform.io/dmacvicar/libvirt\"]",
      "instances": [
        {
          "index_key": 0,
          "schema_version": 0,
          "attributes": {
            "base_volume_id": "/var/lib/libvirt/images/darkstar-os",
            "base_volume_name": null,
            "base_volume_pool": null,
            "format": "qcow2",
            "id": "/var/lib/libvirt/images/darkstar-minion0",
            "name": "darkstar-minion0",
            "pool": "default",
            "size": 107374182400,
            "source": null,
            "xml": []
          },
          "sensitive_attributes": [],
          "private": "bnVsbA==",
          "dependencies": [
            "module.datavm.libvirt_volume.base-os-volume"
          ]
        },
        {
          "index_key": 1,
          "schema_version": 0,
          "attributes": {
            "base_volume_id": "/var/lib/libvirt/images/darkstar-os",
            "base_volume_name": null,
            "base_volume_pool": null,
            "format": "qcow2",
            "id": "/var/lib/libvirt/images/darkstar-minion1",
            "name": "darkstar-minion1",
            "pool": "default",
            "size": 107374182400,
            "source": null,
            "xml": []
          },
          "sensitive_attributes": [],
          "private": "bnVsbA==",
          "dependencies": [
            "module.datavm.libvirt_volume.base-os-volume"
          ]
        },
        {
          "index_key": 2,
          "schema_version": 0,
          "attributes": {
            "base_volume_id": "/var/lib/libvirt/images/darkstar-os",
            "base_volume_name": null,
            "base_volume_pool": null,
            "format": "qcow2",
            "id": "/var/lib/libvirt/images/darkstar-minion2",
            "name": "darkstar-minion2",
            "pool": "default",
            "size": 107374182400,
            "source": null,
            "xml": []
          },
          "sensitive_attributes": [],
          "private": "bnVsbA==",
          "dependencies": [
            "module.datavm.libvirt_volume.base-os-volume"
          ]
        }
      ]
    },
    {
      "module": "module.vm",
      "mode": "managed",
      "type": "libvirt_volume",
      "name": "base-os-volume",
      "provider": "provider[\"registry.terraform.io/dmacvicar/libvirt\"]",
      "instances": [
        {
          "schema_version": 0,
          "attributes": {
            "base_volume_id": null,
            "base_volume_name": null,
            "base_volume_pool": null,
            "format": "qcow2",
            "id": "/var/lib/libvirt/images/darkstar-os",
            "name": "darkstar-os",
            "pool": "default",
            "size": 2361393152,
            "source": "file:///var/lib/libvirt/images/jammy-server-cloudimg-amd64-disk-kvm.img",
            "xml": []
          },
          "sensitive_attributes": [],
          "private": "bnVsbA=="
        }
      ]
    },
    {
      "module": "module.vm",
      "mode": "managed",
      "type": "libvirt_volume",
      "name": "vm",
      "provider": "provider[\"registry.terraform.io/dmacvicar/libvirt\"]",
      "instances": [
        {
          "index_key": 0,
          "schema_version": 0,
          "attributes": {
            "base_volume_id": "/var/lib/libvirt/images/darkstar-os",
            "base_volume_name": null,
            "base_volume_pool": null,
            "format": "qcow2",
            "id": "/var/lib/libvirt/images/darkstar-overlord0",
            "name": "darkstar-overlord0",
            "pool": "default",
            "size": 107374182400,
            "source": null,
            "xml": []
          },
          "sensitive_attributes": [],
          "private": "bnVsbA==",
          "dependencies": [
            "module.vm.libvirt_volume.base-os-volume"
          ]
        }
      ]
    }
  ],
  "check_results": null
}
